// !$*UTF8*$!
{
	archiveVersion = 1;
	classes = {
	};
	objectVersion = 56;
	objects = {

/* Begin PBXBuildFile section */
		2B87A886997891E8C3424067 /* Pods_rick_and_morty_rick_and_mortyUITests.framework in Frameworks */ = {isa = PBXBuildFile; fileRef = CDDD8FDF0A09BA7AB39509E1 /* Pods_rick_and_morty_rick_and_mortyUITests.framework */; };
		4833582CD7998083BB45FE5D /* Pods_rick_and_mortyTests.framework in Frameworks */ = {isa = PBXBuildFile; fileRef = 67DE1C8CB266894B408673F6 /* Pods_rick_and_mortyTests.framework */; };
		4A1A6DFA2A85534600417D63 /* UIColor+CustomColors.swift in Sources */ = {isa = PBXBuildFile; fileRef = 4A1A6DF92A85534600417D63 /* UIColor+CustomColors.swift */; };
		4A1A6DFC2A85574A00417D63 /* DetailViewController.swift in Sources */ = {isa = PBXBuildFile; fileRef = 4A1A6DFB2A85574A00417D63 /* DetailViewController.swift */; };
		4A4866422A83F39300E999AA /* AppDelegate.swift in Sources */ = {isa = PBXBuildFile; fileRef = 4A4866412A83F39300E999AA /* AppDelegate.swift */; };
		4A4866442A83F39300E999AA /* SceneDelegate.swift in Sources */ = {isa = PBXBuildFile; fileRef = 4A4866432A83F39300E999AA /* SceneDelegate.swift */; };
		4A4866462A83F39300E999AA /* MainViewController.swift in Sources */ = {isa = PBXBuildFile; fileRef = 4A4866452A83F39300E999AA /* MainViewController.swift */; };
		4A48664B2A83F39400E999AA /* Assets.xcassets in Resources */ = {isa = PBXBuildFile; fileRef = 4A48664A2A83F39400E999AA /* Assets.xcassets */; };
		4A48664E2A83F39400E999AA /* LaunchScreen.storyboard in Resources */ = {isa = PBXBuildFile; fileRef = 4A48664C2A83F39400E999AA /* LaunchScreen.storyboard */; };
		4A4866592A83F39400E999AA /* rick_and_mortyTests.swift in Sources */ = {isa = PBXBuildFile; fileRef = 4A4866582A83F39400E999AA /* rick_and_mortyTests.swift */; };
		4A4866632A83F39400E999AA /* rick_and_mortyUITests.swift in Sources */ = {isa = PBXBuildFile; fileRef = 4A4866622A83F39400E999AA /* rick_and_mortyUITests.swift */; };
		4A4866652A83F39400E999AA /* rick_and_mortyUITestsLaunchTests.swift in Sources */ = {isa = PBXBuildFile; fileRef = 4A4866642A83F39400E999AA /* rick_and_mortyUITestsLaunchTests.swift */; };
		4A4866772A83FFA900E999AA /* RickAndMortyTableViewCell.swift in Sources */ = {isa = PBXBuildFile; fileRef = 4A4866762A83FFA900E999AA /* RickAndMortyTableViewCell.swift */; };
		4A48667A2A84192800E999AA /* MainViewModel.swift in Sources */ = {isa = PBXBuildFile; fileRef = 4A4866792A84192800E999AA /* MainViewModel.swift */; };
		4A48667D2A841A8100E999AA /* NetworkConstants.swift in Sources */ = {isa = PBXBuildFile; fileRef = 4A48667C2A841A8100E999AA /* NetworkConstants.swift */; };
		4A48667F2A841BBC00E999AA /* NetworkService.swift in Sources */ = {isa = PBXBuildFile; fileRef = 4A48667E2A841BBC00E999AA /* NetworkService.swift */; };
		4A4866822A841C1800E999AA /* UrlsModel.swift in Sources */ = {isa = PBXBuildFile; fileRef = 4A4866812A841C1800E999AA /* UrlsModel.swift */; };
		4A4866842A841C5000E999AA /* CharactersModel.swift in Sources */ = {isa = PBXBuildFile; fileRef = 4A4866832A841C5000E999AA /* CharactersModel.swift */; };
		4A48668A2A844A1600E999AA /* SpinnerExtension.swift in Sources */ = {isa = PBXBuildFile; fileRef = 4A4866892A844A1600E999AA /* SpinnerExtension.swift */; };
		D968D27D9A122F94B14BE1A0 /* Pods_rick_and_morty.framework in Frameworks */ = {isa = PBXBuildFile; fileRef = 0074DDC829DE18DDE0C03E4B /* Pods_rick_and_morty.framework */; };
/* End PBXBuildFile section */

/* Begin PBXContainerItemProxy section */
		4A4866552A83F39400E999AA /* PBXContainerItemProxy */ = {
			isa = PBXContainerItemProxy;
			containerPortal = 4A4866362A83F39300E999AA /* Project object */;
			proxyType = 1;
			remoteGlobalIDString = 4A48663D2A83F39300E999AA;
			remoteInfo = "rick-and-morty";
		};
		4A48665F2A83F39400E999AA /* PBXContainerItemProxy */ = {
			isa = PBXContainerItemProxy;
			containerPortal = 4A4866362A83F39300E999AA /* Project object */;
			proxyType = 1;
			remoteGlobalIDString = 4A48663D2A83F39300E999AA;
			remoteInfo = "rick-and-morty";
		};
/* End PBXContainerItemProxy section */

/* Begin PBXFileReference section */
		0074DDC829DE18DDE0C03E4B /* Pods_rick_and_morty.framework */ = {isa = PBXFileReference; explicitFileType = wrapper.framework; includeInIndex = 0; path = Pods_rick_and_morty.framework; sourceTree = BUILT_PRODUCTS_DIR; };
		33DC890BB18A4FC0835ED107 /* Pods-rick-and-morty.release.xcconfig */ = {isa = PBXFileReference; includeInIndex = 1; lastKnownFileType = text.xcconfig; name = "Pods-rick-and-morty.release.xcconfig"; path = "Target Support Files/Pods-rick-and-morty/Pods-rick-and-morty.release.xcconfig"; sourceTree = "<group>"; };
		4A1A6DF92A85534600417D63 /* UIColor+CustomColors.swift */ = {isa = PBXFileReference; lastKnownFileType = sourcecode.swift; path = "UIColor+CustomColors.swift"; sourceTree = "<group>"; };
		4A1A6DFB2A85574A00417D63 /* DetailViewController.swift */ = {isa = PBXFileReference; lastKnownFileType = sourcecode.swift; path = DetailViewController.swift; sourceTree = "<group>"; };
		4A48663E2A83F39300E999AA /* rick-and-morty.app */ = {isa = PBXFileReference; explicitFileType = wrapper.application; includeInIndex = 0; path = "rick-and-morty.app"; sourceTree = BUILT_PRODUCTS_DIR; };
		4A4866412A83F39300E999AA /* AppDelegate.swift */ = {isa = PBXFileReference; lastKnownFileType = sourcecode.swift; path = AppDelegate.swift; sourceTree = "<group>"; };
		4A4866432A83F39300E999AA /* SceneDelegate.swift */ = {isa = PBXFileReference; lastKnownFileType = sourcecode.swift; path = SceneDelegate.swift; sourceTree = "<group>"; };
		4A4866452A83F39300E999AA /* MainViewController.swift */ = {isa = PBXFileReference; lastKnownFileType = sourcecode.swift; path = MainViewController.swift; sourceTree = "<group>"; };
		4A48664A2A83F39400E999AA /* Assets.xcassets */ = {isa = PBXFileReference; lastKnownFileType = folder.assetcatalog; path = Assets.xcassets; sourceTree = "<group>"; };
		4A48664D2A83F39400E999AA /* Base */ = {isa = PBXFileReference; lastKnownFileType = file.storyboard; name = Base; path = Base.lproj/LaunchScreen.storyboard; sourceTree = "<group>"; };
		4A48664F2A83F39400E999AA /* Info.plist */ = {isa = PBXFileReference; lastKnownFileType = text.plist.xml; path = Info.plist; sourceTree = "<group>"; };
		4A4866542A83F39400E999AA /* rick-and-mortyTests.xctest */ = {isa = PBXFileReference; explicitFileType = wrapper.cfbundle; includeInIndex = 0; path = "rick-and-mortyTests.xctest"; sourceTree = BUILT_PRODUCTS_DIR; };
		4A4866582A83F39400E999AA /* rick_and_mortyTests.swift */ = {isa = PBXFileReference; lastKnownFileType = sourcecode.swift; path = rick_and_mortyTests.swift; sourceTree = "<group>"; };
		4A48665E2A83F39400E999AA /* rick-and-mortyUITests.xctest */ = {isa = PBXFileReference; explicitFileType = wrapper.cfbundle; includeInIndex = 0; path = "rick-and-mortyUITests.xctest"; sourceTree = BUILT_PRODUCTS_DIR; };
		4A4866622A83F39400E999AA /* rick_and_mortyUITests.swift */ = {isa = PBXFileReference; lastKnownFileType = sourcecode.swift; path = rick_and_mortyUITests.swift; sourceTree = "<group>"; };
		4A4866642A83F39400E999AA /* rick_and_mortyUITestsLaunchTests.swift */ = {isa = PBXFileReference; lastKnownFileType = sourcecode.swift; path = rick_and_mortyUITestsLaunchTests.swift; sourceTree = "<group>"; };
		4A4866762A83FFA900E999AA /* RickAndMortyTableViewCell.swift */ = {isa = PBXFileReference; lastKnownFileType = sourcecode.swift; path = RickAndMortyTableViewCell.swift; sourceTree = "<group>"; };
		4A4866792A84192800E999AA /* MainViewModel.swift */ = {isa = PBXFileReference; lastKnownFileType = sourcecode.swift; path = MainViewModel.swift; sourceTree = "<group>"; };
		4A48667C2A841A8100E999AA /* NetworkConstants.swift */ = {isa = PBXFileReference; lastKnownFileType = sourcecode.swift; path = NetworkConstants.swift; sourceTree = "<group>"; };
		4A48667E2A841BBC00E999AA /* NetworkService.swift */ = {isa = PBXFileReference; lastKnownFileType = sourcecode.swift; path = NetworkService.swift; sourceTree = "<group>"; };
		4A4866812A841C1800E999AA /* UrlsModel.swift */ = {isa = PBXFileReference; lastKnownFileType = sourcecode.swift; path = UrlsModel.swift; sourceTree = "<group>"; };
		4A4866832A841C5000E999AA /* CharactersModel.swift */ = {isa = PBXFileReference; lastKnownFileType = sourcecode.swift; path = CharactersModel.swift; sourceTree = "<group>"; };
		4A4866892A844A1600E999AA /* SpinnerExtension.swift */ = {isa = PBXFileReference; lastKnownFileType = sourcecode.swift; path = SpinnerExtension.swift; sourceTree = "<group>"; };
		587764DD6A2D76BCA37B39FA /* Pods-rick-and-mortyTests.debug.xcconfig */ = {isa = PBXFileReference; includeInIndex = 1; lastKnownFileType = text.xcconfig; name = "Pods-rick-and-mortyTests.debug.xcconfig"; path = "Target Support Files/Pods-rick-and-mortyTests/Pods-rick-and-mortyTests.debug.xcconfig"; sourceTree = "<group>"; };
		67DE1C8CB266894B408673F6 /* Pods_rick_and_mortyTests.framework */ = {isa = PBXFileReference; explicitFileType = wrapper.framework; includeInIndex = 0; path = Pods_rick_and_mortyTests.framework; sourceTree = BUILT_PRODUCTS_DIR; };
		9ADAF1F61F4BB6F1FDAB7F9A /* Pods-rick-and-morty-rick-and-mortyUITests.release.xcconfig */ = {isa = PBXFileReference; includeInIndex = 1; lastKnownFileType = text.xcconfig; name = "Pods-rick-and-morty-rick-and-mortyUITests.release.xcconfig"; path = "Target Support Files/Pods-rick-and-morty-rick-and-mortyUITests/Pods-rick-and-morty-rick-and-mortyUITests.release.xcconfig"; sourceTree = "<group>"; };
		BA73A16918396A313B8FB7D6 /* Pods-rick-and-morty.debug.xcconfig */ = {isa = PBXFileReference; includeInIndex = 1; lastKnownFileType = text.xcconfig; name = "Pods-rick-and-morty.debug.xcconfig"; path = "Target Support Files/Pods-rick-and-morty/Pods-rick-and-morty.debug.xcconfig"; sourceTree = "<group>"; };
		CDDD8FDF0A09BA7AB39509E1 /* Pods_rick_and_morty_rick_and_mortyUITests.framework */ = {isa = PBXFileReference; explicitFileType = wrapper.framework; includeInIndex = 0; path = Pods_rick_and_morty_rick_and_mortyUITests.framework; sourceTree = BUILT_PRODUCTS_DIR; };
		E660DBDDA6BF55F4086CEF81 /* Pods-rick-and-morty-rick-and-mortyUITests.debug.xcconfig */ = {isa = PBXFileReference; includeInIndex = 1; lastKnownFileType = text.xcconfig; name = "Pods-rick-and-morty-rick-and-mortyUITests.debug.xcconfig"; path = "Target Support Files/Pods-rick-and-morty-rick-and-mortyUITests/Pods-rick-and-morty-rick-and-mortyUITests.debug.xcconfig"; sourceTree = "<group>"; };
		EBD8DC7686403AE324E95195 /* Pods-rick-and-mortyTests.release.xcconfig */ = {isa = PBXFileReference; includeInIndex = 1; lastKnownFileType = text.xcconfig; name = "Pods-rick-and-mortyTests.release.xcconfig"; path = "Target Support Files/Pods-rick-and-mortyTests/Pods-rick-and-mortyTests.release.xcconfig"; sourceTree = "<group>"; };
/* End PBXFileReference section */

/* Begin PBXFrameworksBuildPhase section */
		4A48663B2A83F39300E999AA /* Frameworks */ = {
			isa = PBXFrameworksBuildPhase;
			buildActionMask = 2147483647;
			files = (
				D968D27D9A122F94B14BE1A0 /* Pods_rick_and_morty.framework in Frameworks */,
			);
			runOnlyForDeploymentPostprocessing = 0;
		};
		4A4866512A83F39400E999AA /* Frameworks */ = {
			isa = PBXFrameworksBuildPhase;
			buildActionMask = 2147483647;
			files = (
				4833582CD7998083BB45FE5D /* Pods_rick_and_mortyTests.framework in Frameworks */,
			);
			runOnlyForDeploymentPostprocessing = 0;
		};
		4A48665B2A83F39400E999AA /* Frameworks */ = {
			isa = PBXFrameworksBuildPhase;
			buildActionMask = 2147483647;
			files = (
				2B87A886997891E8C3424067 /* Pods_rick_and_morty_rick_and_mortyUITests.framework in Frameworks */,
			);
			runOnlyForDeploymentPostprocessing = 0;
		};
/* End PBXFrameworksBuildPhase section */

/* Begin PBXGroup section */
		4A4866352A83F39300E999AA = {
			isa = PBXGroup;
			children = (
				4A4866402A83F39300E999AA /* rick-and-morty */,
				4A4866572A83F39400E999AA /* rick-and-mortyTests */,
				4A4866612A83F39400E999AA /* rick-and-mortyUITests */,
				4A48663F2A83F39300E999AA /* Products */,
				A3693C4645298CB7345D8268 /* Pods */,
				F5C020997B9A5D54F63A87D7 /* Frameworks */,
			);
			sourceTree = "<group>";
		};
		4A48663F2A83F39300E999AA /* Products */ = {
			isa = PBXGroup;
			children = (
				4A48663E2A83F39300E999AA /* rick-and-morty.app */,
				4A4866542A83F39400E999AA /* rick-and-mortyTests.xctest */,
				4A48665E2A83F39400E999AA /* rick-and-mortyUITests.xctest */,
			);
			name = Products;
			sourceTree = "<group>";
		};
		4A4866402A83F39300E999AA /* rick-and-morty */ = {
			isa = PBXGroup;
			children = (
				4A4866802A841C1000E999AA /* Model */,
				4A48667B2A841A6D00E999AA /* Network */,
				4A4866782A8418F700E999AA /* ViewModel */,
				4A4866752A83FF8800E999AA /* Views */,
				4A4866722A83FB8700E999AA /* Extensions */,
				4A4866712A83FB8200E999AA /* Resources */,
				4A4866742A83FF6C00E999AA /* Support */,
				4A4866732A83FC3700E999AA /* ViewControllers */,
				4A48664F2A83F39400E999AA /* Info.plist */,
			);
			path = "rick-and-morty";
			sourceTree = "<group>";
		};
		4A4866572A83F39400E999AA /* rick-and-mortyTests */ = {
			isa = PBXGroup;
			children = (
				4A4866582A83F39400E999AA /* rick_and_mortyTests.swift */,
			);
			path = "rick-and-mortyTests";
			sourceTree = "<group>";
		};
		4A4866612A83F39400E999AA /* rick-and-mortyUITests */ = {
			isa = PBXGroup;
			children = (
				4A4866622A83F39400E999AA /* rick_and_mortyUITests.swift */,
				4A4866642A83F39400E999AA /* rick_and_mortyUITestsLaunchTests.swift */,
			);
			path = "rick-and-mortyUITests";
			sourceTree = "<group>";
		};
		4A4866712A83FB8200E999AA /* Resources */ = {
			isa = PBXGroup;
			children = (
				4A48664A2A83F39400E999AA /* Assets.xcassets */,
			);
			path = Resources;
			sourceTree = "<group>";
		};
		4A4866722A83FB8700E999AA /* Extensions */ = {
			isa = PBXGroup;
			children = (
				4A4866892A844A1600E999AA /* SpinnerExtension.swift */,
				4A1A6DF92A85534600417D63 /* UIColor+CustomColors.swift */,
			);
			path = Extensions;
			sourceTree = "<group>";
		};
		4A4866732A83FC3700E999AA /* ViewControllers */ = {
			isa = PBXGroup;
			children = (
				4A4866452A83F39300E999AA /* MainViewController.swift */,
				4A1A6DFB2A85574A00417D63 /* DetailViewController.swift */,
			);
			path = ViewControllers;
			sourceTree = "<group>";
		};
		4A4866742A83FF6C00E999AA /* Support */ = {
			isa = PBXGroup;
			children = (
				4A4866412A83F39300E999AA /* AppDelegate.swift */,
				4A4866432A83F39300E999AA /* SceneDelegate.swift */,
				4A48664C2A83F39400E999AA /* LaunchScreen.storyboard */,
			);
			path = Support;
			sourceTree = "<group>";
		};
		4A4866752A83FF8800E999AA /* Views */ = {
			isa = PBXGroup;
			children = (
				4A4866762A83FFA900E999AA /* RickAndMortyTableViewCell.swift */,
			);
			path = Views;
			sourceTree = "<group>";
		};
		4A4866782A8418F700E999AA /* ViewModel */ = {
			isa = PBXGroup;
			children = (
				4A4866792A84192800E999AA /* MainViewModel.swift */,
			);
			path = ViewModel;
			sourceTree = "<group>";
		};
		4A48667B2A841A6D00E999AA /* Network */ = {
			isa = PBXGroup;
			children = (
				4A48667C2A841A8100E999AA /* NetworkConstants.swift */,
				4A48667E2A841BBC00E999AA /* NetworkService.swift */,
			);
			path = Network;
			sourceTree = "<group>";
		};
		4A4866802A841C1000E999AA /* Model */ = {
			isa = PBXGroup;
			children = (
				4A4866812A841C1800E999AA /* UrlsModel.swift */,
				4A4866832A841C5000E999AA /* CharactersModel.swift */,
			);
			path = Model;
			sourceTree = "<group>";
		};
		A3693C4645298CB7345D8268 /* Pods */ = {
			isa = PBXGroup;
			children = (
				BA73A16918396A313B8FB7D6 /* Pods-rick-and-morty.debug.xcconfig */,
				33DC890BB18A4FC0835ED107 /* Pods-rick-and-morty.release.xcconfig */,
				E660DBDDA6BF55F4086CEF81 /* Pods-rick-and-morty-rick-and-mortyUITests.debug.xcconfig */,
				9ADAF1F61F4BB6F1FDAB7F9A /* Pods-rick-and-morty-rick-and-mortyUITests.release.xcconfig */,
				587764DD6A2D76BCA37B39FA /* Pods-rick-and-mortyTests.debug.xcconfig */,
				EBD8DC7686403AE324E95195 /* Pods-rick-and-mortyTests.release.xcconfig */,
			);
			path = Pods;
			sourceTree = "<group>";
		};
		F5C020997B9A5D54F63A87D7 /* Frameworks */ = {
			isa = PBXGroup;
			children = (
				0074DDC829DE18DDE0C03E4B /* Pods_rick_and_morty.framework */,
				CDDD8FDF0A09BA7AB39509E1 /* Pods_rick_and_morty_rick_and_mortyUITests.framework */,
				67DE1C8CB266894B408673F6 /* Pods_rick_and_mortyTests.framework */,
			);
			name = Frameworks;
			sourceTree = "<group>";
		};
/* End PBXGroup section */

/* Begin PBXNativeTarget section */
		4A48663D2A83F39300E999AA /* rick-and-morty */ = {
			isa = PBXNativeTarget;
			buildConfigurationList = 4A4866682A83F39400E999AA /* Build configuration list for PBXNativeTarget "rick-and-morty" */;
			buildPhases = (
				9843C3E9DC34921486E3116F /* [CP] Check Pods Manifest.lock */,
				4A48663A2A83F39300E999AA /* Sources */,
				4A48663B2A83F39300E999AA /* Frameworks */,
				4A48663C2A83F39300E999AA /* Resources */,
				05E465BE4F0FAB0CCAF0DC5A /* [CP] Embed Pods Frameworks */,
			);
			buildRules = (
			);
			dependencies = (
			);
			name = "rick-and-morty";
			productName = "rick-and-morty";
			productReference = 4A48663E2A83F39300E999AA /* rick-and-morty.app */;
			productType = "com.apple.product-type.application";
		};
		4A4866532A83F39400E999AA /* rick-and-mortyTests */ = {
			isa = PBXNativeTarget;
			buildConfigurationList = 4A48666B2A83F39400E999AA /* Build configuration list for PBXNativeTarget "rick-and-mortyTests" */;
			buildPhases = (
				7A363BD0A937F512FEBB03F3 /* [CP] Check Pods Manifest.lock */,
				4A4866502A83F39400E999AA /* Sources */,
				4A4866512A83F39400E999AA /* Frameworks */,
				4A4866522A83F39400E999AA /* Resources */,
			);
			buildRules = (
			);
			dependencies = (
				4A4866562A83F39400E999AA /* PBXTargetDependency */,
			);
			name = "rick-and-mortyTests";
			productName = "rick-and-mortyTests";
			productReference = 4A4866542A83F39400E999AA /* rick-and-mortyTests.xctest */;
			productType = "com.apple.product-type.bundle.unit-test";
		};
		4A48665D2A83F39400E999AA /* rick-and-mortyUITests */ = {
			isa = PBXNativeTarget;
			buildConfigurationList = 4A48666E2A83F39400E999AA /* Build configuration list for PBXNativeTarget "rick-and-mortyUITests" */;
			buildPhases = (
				73B9E85ED8BF6C3ACEF14E23 /* [CP] Check Pods Manifest.lock */,
				4A48665A2A83F39400E999AA /* Sources */,
				4A48665B2A83F39400E999AA /* Frameworks */,
				4A48665C2A83F39400E999AA /* Resources */,
				44877477CCC9F8758909EC35 /* [CP] Embed Pods Frameworks */,
			);
			buildRules = (
			);
			dependencies = (
				4A4866602A83F39400E999AA /* PBXTargetDependency */,
			);
			name = "rick-and-mortyUITests";
			productName = "rick-and-mortyUITests";
			productReference = 4A48665E2A83F39400E999AA /* rick-and-mortyUITests.xctest */;
			productType = "com.apple.product-type.bundle.ui-testing";
		};
/* End PBXNativeTarget section */

/* Begin PBXProject section */
		4A4866362A83F39300E999AA /* Project object */ = {
			isa = PBXProject;
			attributes = {
				BuildIndependentTargetsInParallel = 1;
				LastSwiftUpdateCheck = 1430;
				LastUpgradeCheck = 1430;
				TargetAttributes = {
					4A48663D2A83F39300E999AA = {
						CreatedOnToolsVersion = 14.3.1;
					};
					4A4866532A83F39400E999AA = {
						CreatedOnToolsVersion = 14.3.1;
						TestTargetID = 4A48663D2A83F39300E999AA;
					};
					4A48665D2A83F39400E999AA = {
						CreatedOnToolsVersion = 14.3.1;
						TestTargetID = 4A48663D2A83F39300E999AA;
					};
				};
			};
			buildConfigurationList = 4A4866392A83F39300E999AA /* Build configuration list for PBXProject "rick-and-morty" */;
			compatibilityVersion = "Xcode 14.0";
			developmentRegion = en;
			hasScannedForEncodings = 0;
			knownRegions = (
				en,
				Base,
			);
			mainGroup = 4A4866352A83F39300E999AA;
			productRefGroup = 4A48663F2A83F39300E999AA /* Products */;
			projectDirPath = "";
			projectRoot = "";
			targets = (
				4A48663D2A83F39300E999AA /* rick-and-morty */,
				4A4866532A83F39400E999AA /* rick-and-mortyTests */,
				4A48665D2A83F39400E999AA /* rick-and-mortyUITests */,
			);
		};
/* End PBXProject section */

/* Begin PBXResourcesBuildPhase section */
		4A48663C2A83F39300E999AA /* Resources */ = {
			isa = PBXResourcesBuildPhase;
			buildActionMask = 2147483647;
			files = (
				4A48664E2A83F39400E999AA /* LaunchScreen.storyboard in Resources */,
				4A48664B2A83F39400E999AA /* Assets.xcassets in Resources */,
			);
			runOnlyForDeploymentPostprocessing = 0;
		};
		4A4866522A83F39400E999AA /* Resources */ = {
			isa = PBXResourcesBuildPhase;
			buildActionMask = 2147483647;
			files = (
			);
			runOnlyForDeploymentPostprocessing = 0;
		};
		4A48665C2A83F39400E999AA /* Resources */ = {
			isa = PBXResourcesBuildPhase;
			buildActionMask = 2147483647;
			files = (
			);
			runOnlyForDeploymentPostprocessing = 0;
		};
/* End PBXResourcesBuildPhase section */

/* Begin PBXShellScriptBuildPhase section */
		05E465BE4F0FAB0CCAF0DC5A /* [CP] Embed Pods Frameworks */ = {
			isa = PBXShellScriptBuildPhase;
			buildActionMask = 2147483647;
			files = (
			);
			inputFileListPaths = (
				"${PODS_ROOT}/Target Support Files/Pods-rick-and-morty/Pods-rick-and-morty-frameworks-${CONFIGURATION}-input-files.xcfilelist",
			);
			name = "[CP] Embed Pods Frameworks";
			outputFileListPaths = (
				"${PODS_ROOT}/Target Support Files/Pods-rick-and-morty/Pods-rick-and-morty-frameworks-${CONFIGURATION}-output-files.xcfilelist",
			);
			runOnlyForDeploymentPostprocessing = 0;
			shellPath = /bin/sh;
			shellScript = "\"${PODS_ROOT}/Target Support Files/Pods-rick-and-morty/Pods-rick-and-morty-frameworks.sh\"\n";
			showEnvVarsInLog = 0;
		};
		44877477CCC9F8758909EC35 /* [CP] Embed Pods Frameworks */ = {
			isa = PBXShellScriptBuildPhase;
			buildActionMask = 2147483647;
			files = (
			);
			inputFileListPaths = (
				"${PODS_ROOT}/Target Support Files/Pods-rick-and-morty-rick-and-mortyUITests/Pods-rick-and-morty-rick-and-mortyUITests-frameworks-${CONFIGURATION}-input-files.xcfilelist",
			);
			name = "[CP] Embed Pods Frameworks";
			outputFileListPaths = (
				"${PODS_ROOT}/Target Support Files/Pods-rick-and-morty-rick-and-mortyUITests/Pods-rick-and-morty-rick-and-mortyUITests-frameworks-${CONFIGURATION}-output-files.xcfilelist",
			);
			runOnlyForDeploymentPostprocessing = 0;
			shellPath = /bin/sh;
			shellScript = "\"${PODS_ROOT}/Target Support Files/Pods-rick-and-morty-rick-and-mortyUITests/Pods-rick-and-morty-rick-and-mortyUITests-frameworks.sh\"\n";
			showEnvVarsInLog = 0;
		};
		73B9E85ED8BF6C3ACEF14E23 /* [CP] Check Pods Manifest.lock */ = {
			isa = PBXShellScriptBuildPhase;
			buildActionMask = 2147483647;
			files = (
			);
			inputFileListPaths = (
			);
			inputPaths = (
				"${PODS_PODFILE_DIR_PATH}/Podfile.lock",
				"${PODS_ROOT}/Manifest.lock",
			);
			name = "[CP] Check Pods Manifest.lock";
			outputFileListPaths = (
			);
			outputPaths = (
				"$(DERIVED_FILE_DIR)/Pods-rick-and-morty-rick-and-mortyUITests-checkManifestLockResult.txt",
			);
			runOnlyForDeploymentPostprocessing = 0;
			shellPath = /bin/sh;
			shellScript = "diff \"${PODS_PODFILE_DIR_PATH}/Podfile.lock\" \"${PODS_ROOT}/Manifest.lock\" > /dev/null\nif [ $? != 0 ] ; then\n    # print error to STDERR\n    echo \"error: The sandbox is not in sync with the Podfile.lock. Run 'pod install' or update your CocoaPods installation.\" >&2\n    exit 1\nfi\n# This output is used by Xcode 'outputs' to avoid re-running this script phase.\necho \"SUCCESS\" > \"${SCRIPT_OUTPUT_FILE_0}\"\n";
			showEnvVarsInLog = 0;
		};
		7A363BD0A937F512FEBB03F3 /* [CP] Check Pods Manifest.lock */ = {
			isa = PBXShellScriptBuildPhase;
			buildActionMask = 2147483647;
			files = (
			);
			inputFileListPaths = (
			);
			inputPaths = (
				"${PODS_PODFILE_DIR_PATH}/Podfile.lock",
				"${PODS_ROOT}/Manifest.lock",
			);
			name = "[CP] Check Pods Manifest.lock";
			outputFileListPaths = (
			);
			outputPaths = (
				"$(DERIVED_FILE_DIR)/Pods-rick-and-mortyTests-checkManifestLockResult.txt",
			);
			runOnlyForDeploymentPostprocessing = 0;
			shellPath = /bin/sh;
			shellScript = "diff \"${PODS_PODFILE_DIR_PATH}/Podfile.lock\" \"${PODS_ROOT}/Manifest.lock\" > /dev/null\nif [ $? != 0 ] ; then\n    # print error to STDERR\n    echo \"error: The sandbox is not in sync with the Podfile.lock. Run 'pod install' or update your CocoaPods installation.\" >&2\n    exit 1\nfi\n# This output is used by Xcode 'outputs' to avoid re-running this script phase.\necho \"SUCCESS\" > \"${SCRIPT_OUTPUT_FILE_0}\"\n";
			showEnvVarsInLog = 0;
		};
		9843C3E9DC34921486E3116F /* [CP] Check Pods Manifest.lock */ = {
			isa = PBXShellScriptBuildPhase;
			buildActionMask = 2147483647;
			files = (
			);
			inputFileListPaths = (
			);
			inputPaths = (
				"${PODS_PODFILE_DIR_PATH}/Podfile.lock",
				"${PODS_ROOT}/Manifest.lock",
			);
			name = "[CP] Check Pods Manifest.lock";
			outputFileListPaths = (
			);
			outputPaths = (
				"$(DERIVED_FILE_DIR)/Pods-rick-and-morty-checkManifestLockResult.txt",
			);
			runOnlyForDeploymentPostprocessing = 0;
			shellPath = /bin/sh;
			shellScript = "diff \"${PODS_PODFILE_DIR_PATH}/Podfile.lock\" \"${PODS_ROOT}/Manifest.lock\" > /dev/null\nif [ $? != 0 ] ; then\n    # print error to STDERR\n    echo \"error: The sandbox is not in sync with the Podfile.lock. Run 'pod install' or update your CocoaPods installation.\" >&2\n    exit 1\nfi\n# This output is used by Xcode 'outputs' to avoid re-running this script phase.\necho \"SUCCESS\" > \"${SCRIPT_OUTPUT_FILE_0}\"\n";
			showEnvVarsInLog = 0;
		};
/* End PBXShellScriptBuildPhase section */

/* Begin PBXSourcesBuildPhase section */
		4A48663A2A83F39300E999AA /* Sources */ = {
			isa = PBXSourcesBuildPhase;
			buildActionMask = 2147483647;
			files = (
				4A4866842A841C5000E999AA /* CharactersModel.swift in Sources */,
				4A48667D2A841A8100E999AA /* NetworkConstants.swift in Sources */,
				4A4866822A841C1800E999AA /* UrlsModel.swift in Sources */,
				4A1A6DFC2A85574A00417D63 /* DetailViewController.swift in Sources */,
				4A1A6DFA2A85534600417D63 /* UIColor+CustomColors.swift in Sources */,
				4A48667A2A84192800E999AA /* MainViewModel.swift in Sources */,
				4A4866772A83FFA900E999AA /* RickAndMortyTableViewCell.swift in Sources */,
				4A4866462A83F39300E999AA /* MainViewController.swift in Sources */,
				4A4866422A83F39300E999AA /* AppDelegate.swift in Sources */,
				4A4866442A83F39300E999AA /* SceneDelegate.swift in Sources */,
				4A48667F2A841BBC00E999AA /* NetworkService.swift in Sources */,
				4A48668A2A844A1600E999AA /* SpinnerExtension.swift in Sources */,
			);
			runOnlyForDeploymentPostprocessing = 0;
		};
		4A4866502A83F39400E999AA /* Sources */ = {
			isa = PBXSourcesBuildPhase;
			buildActionMask = 2147483647;
			files = (
				4A4866592A83F39400E999AA /* rick_and_mortyTests.swift in Sources */,
			);
			runOnlyForDeploymentPostprocessing = 0;
		};
		4A48665A2A83F39400E999AA /* Sources */ = {
			isa = PBXSourcesBuildPhase;
			buildActionMask = 2147483647;
			files = (
				4A4866632A83F39400E999AA /* rick_and_mortyUITests.swift in Sources */,
				4A4866652A83F39400E999AA /* rick_and_mortyUITestsLaunchTests.swift in Sources */,
			);
			runOnlyForDeploymentPostprocessing = 0;
		};
/* End PBXSourcesBuildPhase section */

/* Begin PBXTargetDependency section */
		4A4866562A83F39400E999AA /* PBXTargetDependency */ = {
			isa = PBXTargetDependency;
			target = 4A48663D2A83F39300E999AA /* rick-and-morty */;
			targetProxy = 4A4866552A83F39400E999AA /* PBXContainerItemProxy */;
		};
		4A4866602A83F39400E999AA /* PBXTargetDependency */ = {
			isa = PBXTargetDependency;
			target = 4A48663D2A83F39300E999AA /* rick-and-morty */;
			targetProxy = 4A48665F2A83F39400E999AA /* PBXContainerItemProxy */;
		};
/* End PBXTargetDependency section */

/* Begin PBXVariantGroup section */
		4A48664C2A83F39400E999AA /* LaunchScreen.storyboard */ = {
			isa = PBXVariantGroup;
			children = (
				4A48664D2A83F39400E999AA /* Base */,
			);
			name = LaunchScreen.storyboard;
			sourceTree = "<group>";
		};
/* End PBXVariantGroup section */

/* Begin XCBuildConfiguration section */
		4A4866662A83F39400E999AA /* Debug */ = {
			isa = XCBuildConfiguration;
			buildSettings = {
				ALWAYS_SEARCH_USER_PATHS = NO;
				CLANG_ANALYZER_NONNULL = YES;
				CLANG_ANALYZER_NUMBER_OBJECT_CONVERSION = YES_AGGRESSIVE;
				CLANG_CXX_LANGUAGE_STANDARD = "gnu++20";
				CLANG_ENABLE_MODULES = YES;
				CLANG_ENABLE_OBJC_ARC = YES;
				CLANG_ENABLE_OBJC_WEAK = YES;
				CLANG_WARN_BLOCK_CAPTURE_AUTORELEASING = YES;
				CLANG_WARN_BOOL_CONVERSION = YES;
				CLANG_WARN_COMMA = YES;
				CLANG_WARN_CONSTANT_CONVERSION = YES;
				CLANG_WARN_DEPRECATED_OBJC_IMPLEMENTATIONS = YES;
				CLANG_WARN_DIRECT_OBJC_ISA_USAGE = YES_ERROR;
				CLANG_WARN_DOCUMENTATION_COMMENTS = YES;
				CLANG_WARN_EMPTY_BODY = YES;
				CLANG_WARN_ENUM_CONVERSION = YES;
				CLANG_WARN_INFINITE_RECURSION = YES;
				CLANG_WARN_INT_CONVERSION = YES;
				CLANG_WARN_NON_LITERAL_NULL_CONVERSION = YES;
				CLANG_WARN_OBJC_IMPLICIT_RETAIN_SELF = YES;
				CLANG_WARN_OBJC_LITERAL_CONVERSION = YES;
				CLANG_WARN_OBJC_ROOT_CLASS = YES_ERROR;
				CLANG_WARN_QUOTED_INCLUDE_IN_FRAMEWORK_HEADER = YES;
				CLANG_WARN_RANGE_LOOP_ANALYSIS = YES;
				CLANG_WARN_STRICT_PROTOTYPES = YES;
				CLANG_WARN_SUSPICIOUS_MOVE = YES;
				CLANG_WARN_UNGUARDED_AVAILABILITY = YES_AGGRESSIVE;
				CLANG_WARN_UNREACHABLE_CODE = YES;
				CLANG_WARN__DUPLICATE_METHOD_MATCH = YES;
				COPY_PHASE_STRIP = NO;
				DEBUG_INFORMATION_FORMAT = dwarf;
				ENABLE_STRICT_OBJC_MSGSEND = YES;
				ENABLE_TESTABILITY = YES;
				GCC_C_LANGUAGE_STANDARD = gnu11;
				GCC_DYNAMIC_NO_PIC = NO;
				GCC_NO_COMMON_BLOCKS = YES;
				GCC_OPTIMIZATION_LEVEL = 0;
				GCC_PREPROCESSOR_DEFINITIONS = (
					"DEBUG=1",
					"$(inherited)",
				);
				GCC_WARN_64_TO_32_BIT_CONVERSION = YES;
				GCC_WARN_ABOUT_RETURN_TYPE = YES_ERROR;
				GCC_WARN_UNDECLARED_SELECTOR = YES;
				GCC_WARN_UNINITIALIZED_AUTOS = YES_AGGRESSIVE;
				GCC_WARN_UNUSED_FUNCTION = YES;
				GCC_WARN_UNUSED_VARIABLE = YES;
				IPHONEOS_DEPLOYMENT_TARGET = 16.4;
				MTL_ENABLE_DEBUG_INFO = INCLUDE_SOURCE;
				MTL_FAST_MATH = YES;
				ONLY_ACTIVE_ARCH = YES;
				SDKROOT = iphoneos;
				SWIFT_ACTIVE_COMPILATION_CONDITIONS = DEBUG;
				SWIFT_OPTIMIZATION_LEVEL = "-Onone";
			};
			name = Debug;
		};
		4A4866672A83F39400E999AA /* Release */ = {
			isa = XCBuildConfiguration;
			buildSettings = {
				ALWAYS_SEARCH_USER_PATHS = NO;
				CLANG_ANALYZER_NONNULL = YES;
				CLANG_ANALYZER_NUMBER_OBJECT_CONVERSION = YES_AGGRESSIVE;
				CLANG_CXX_LANGUAGE_STANDARD = "gnu++20";
				CLANG_ENABLE_MODULES = YES;
				CLANG_ENABLE_OBJC_ARC = YES;
				CLANG_ENABLE_OBJC_WEAK = YES;
				CLANG_WARN_BLOCK_CAPTURE_AUTORELEASING = YES;
				CLANG_WARN_BOOL_CONVERSION = YES;
				CLANG_WARN_COMMA = YES;
				CLANG_WARN_CONSTANT_CONVERSION = YES;
				CLANG_WARN_DEPRECATED_OBJC_IMPLEMENTATIONS = YES;
				CLANG_WARN_DIRECT_OBJC_ISA_USAGE = YES_ERROR;
				CLANG_WARN_DOCUMENTATION_COMMENTS = YES;
				CLANG_WARN_EMPTY_BODY = YES;
				CLANG_WARN_ENUM_CONVERSION = YES;
				CLANG_WARN_INFINITE_RECURSION = YES;
				CLANG_WARN_INT_CONVERSION = YES;
				CLANG_WARN_NON_LITERAL_NULL_CONVERSION = YES;
				CLANG_WARN_OBJC_IMPLICIT_RETAIN_SELF = YES;
				CLANG_WARN_OBJC_LITERAL_CONVERSION = YES;
				CLANG_WARN_OBJC_ROOT_CLASS = YES_ERROR;
				CLANG_WARN_QUOTED_INCLUDE_IN_FRAMEWORK_HEADER = YES;
				CLANG_WARN_RANGE_LOOP_ANALYSIS = YES;
				CLANG_WARN_STRICT_PROTOTYPES = YES;
				CLANG_WARN_SUSPICIOUS_MOVE = YES;
				CLANG_WARN_UNGUARDED_AVAILABILITY = YES_AGGRESSIVE;
				CLANG_WARN_UNREACHABLE_CODE = YES;
				CLANG_WARN__DUPLICATE_METHOD_MATCH = YES;
				COPY_PHASE_STRIP = NO;
				DEBUG_INFORMATION_FORMAT = "dwarf-with-dsym";
				ENABLE_NS_ASSERTIONS = NO;
				ENABLE_STRICT_OBJC_MSGSEND = YES;
				GCC_C_LANGUAGE_STANDARD = gnu11;
				GCC_NO_COMMON_BLOCKS = YES;
				GCC_WARN_64_TO_32_BIT_CONVERSION = YES;
				GCC_WARN_ABOUT_RETURN_TYPE = YES_ERROR;
				GCC_WARN_UNDECLARED_SELECTOR = YES;
				GCC_WARN_UNINITIALIZED_AUTOS = YES_AGGRESSIVE;
				GCC_WARN_UNUSED_FUNCTION = YES;
				GCC_WARN_UNUSED_VARIABLE = YES;
				IPHONEOS_DEPLOYMENT_TARGET = 16.4;
				MTL_ENABLE_DEBUG_INFO = NO;
				MTL_FAST_MATH = YES;
				SDKROOT = iphoneos;
				SWIFT_COMPILATION_MODE = wholemodule;
				SWIFT_OPTIMIZATION_LEVEL = "-O";
				VALIDATE_PRODUCT = YES;
			};
			name = Release;
		};
		4A4866692A83F39400E999AA /* Debug */ = {
			isa = XCBuildConfiguration;
			baseConfigurationReference = BA73A16918396A313B8FB7D6 /* Pods-rick-and-morty.debug.xcconfig */;
			buildSettings = {
				ASSETCATALOG_COMPILER_APPICON_NAME = AppIcon;
				ASSETCATALOG_COMPILER_GLOBAL_ACCENT_COLOR_NAME = AccentColor;
				CODE_SIGN_STYLE = Automatic;
				CURRENT_PROJECT_VERSION = 1;
				DEVELOPMENT_TEAM = 2V6LX2TZ34;
				GENERATE_INFOPLIST_FILE = YES;
				INFOPLIST_FILE = "rick-and-morty/Info.plist";
				INFOPLIST_KEY_UIApplicationSupportsIndirectInputEvents = YES;
				INFOPLIST_KEY_UILaunchStoryboardName = LaunchScreen;
				INFOPLIST_KEY_UIMainStoryboardFile = "";
				INFOPLIST_KEY_UISupportedInterfaceOrientations_iPad = "UIInterfaceOrientationPortrait UIInterfaceOrientationPortraitUpsideDown UIInterfaceOrientationLandscapeLeft UIInterfaceOrientationLandscapeRight";
				INFOPLIST_KEY_UISupportedInterfaceOrientations_iPhone = "UIInterfaceOrientationPortrait UIInterfaceOrientationLandscapeLeft UIInterfaceOrientationLandscapeRight";
				LD_RUNPATH_SEARCH_PATHS = (
					"$(inherited)",
					"@executable_path/Frameworks",
				);
				MARKETING_VERSION = 1.0;
				PRODUCT_BUNDLE_IDENTIFIER = "com.robson.rick-and-morty";
				PRODUCT_NAME = "$(TARGET_NAME)";
				SWIFT_EMIT_LOC_STRINGS = YES;
				SWIFT_VERSION = 5.0;
				TARGETED_DEVICE_FAMILY = "1,2";
			};
			name = Debug;
		};
		4A48666A2A83F39400E999AA /* Release */ = {
			isa = XCBuildConfiguration;
			baseConfigurationReference = 33DC890BB18A4FC0835ED107 /* Pods-rick-and-morty.release.xcconfig */;
			buildSettings = {
				ASSETCATALOG_COMPILER_APPICON_NAME = AppIcon;
				ASSETCATALOG_COMPILER_GLOBAL_ACCENT_COLOR_NAME = AccentColor;
				CODE_SIGN_STYLE = Automatic;
				CURRENT_PROJECT_VERSION = 1;
				DEVELOPMENT_TEAM = 2V6LX2TZ34;
				GENERATE_INFOPLIST_FILE = YES;
				INFOPLIST_FILE = "rick-and-morty/Info.plist";
				INFOPLIST_KEY_UIApplicationSupportsIndirectInputEvents = YES;
				INFOPLIST_KEY_UILaunchStoryboardName = LaunchScreen;
				INFOPLIST_KEY_UIMainStoryboardFile = "";
				INFOPLIST_KEY_UISupportedInterfaceOrientations_iPad = "UIInterfaceOrientationPortrait UIInterfaceOrientationPortraitUpsideDown UIInterfaceOrientationLandscapeLeft UIInterfaceOrientationLandscapeRight";
				INFOPLIST_KEY_UISupportedInterfaceOrientations_iPhone = "UIInterfaceOrientationPortrait UIInterfaceOrientationLandscapeLeft UIInterfaceOrientationLandscapeRight";
				LD_RUNPATH_SEARCH_PATHS = (
					"$(inherited)",
					"@executable_path/Frameworks",
				);
				MARKETING_VERSION = 1.0;
				PRODUCT_BUNDLE_IDENTIFIER = "com.robson.rick-and-morty";
				PRODUCT_NAME = "$(TARGET_NAME)";
				SWIFT_EMIT_LOC_STRINGS = YES;
				SWIFT_VERSION = 5.0;
				TARGETED_DEVICE_FAMILY = "1,2";
			};
			name = Release;
		};
		4A48666C2A83F39400E999AA /* Debug */ = {
			isa = XCBuildConfiguration;
			baseConfigurationReference = 587764DD6A2D76BCA37B39FA /* Pods-rick-and-mortyTests.debug.xcconfig */;
			buildSettings = {
				ALWAYS_EMBED_SWIFT_STANDARD_LIBRARIES = YES;
				BUNDLE_LOADER = "$(TEST_HOST)";
				CODE_SIGN_STYLE = Automatic;
				CURRENT_PROJECT_VERSION = 1;
				DEVELOPMENT_TEAM = 2V6LX2TZ34;
				GENERATE_INFOPLIST_FILE = YES;
				IPHONEOS_DEPLOYMENT_TARGET = 16.4;
				MARKETING_VERSION = 1.0;
				PRODUCT_BUNDLE_IDENTIFIER = "com.robson.rick-and-mortyTests";
				PRODUCT_NAME = "$(TARGET_NAME)";
				SWIFT_EMIT_LOC_STRINGS = NO;
				SWIFT_VERSION = 5.0;
				TARGETED_DEVICE_FAMILY = "1,2";
				TEST_HOST = "$(BUILT_PRODUCTS_DIR)/rick-and-morty.app/$(BUNDLE_EXECUTABLE_FOLDER_PATH)/rick-and-morty";
			};
			name = Debug;
		};
		4A48666D2A83F39400E999AA /* Release */ = {
			isa = XCBuildConfiguration;
			baseConfigurationReference = EBD8DC7686403AE324E95195 /* Pods-rick-and-mortyTests.release.xcconfig */;
			buildSettings = {
				ALWAYS_EMBED_SWIFT_STANDARD_LIBRARIES = YES;
				BUNDLE_LOADER = "$(TEST_HOST)";
				CODE_SIGN_STYLE = Automatic;
				CURRENT_PROJECT_VERSION = 1;
				DEVELOPMENT_TEAM = 2V6LX2TZ34;
				GENERATE_INFOPLIST_FILE = YES;
				IPHONEOS_DEPLOYMENT_TARGET = 16.4;
				MARKETING_VERSION = 1.0;
				PRODUCT_BUNDLE_IDENTIFIER = "com.robson.rick-and-mortyTests";
				PRODUCT_NAME = "$(TARGET_NAME)";
				SWIFT_EMIT_LOC_STRINGS = NO;
				SWIFT_VERSION = 5.0;
				TARGETED_DEVICE_FAMILY = "1,2";
				TEST_HOST = "$(BUILT_PRODUCTS_DIR)/rick-and-morty.app/$(BUNDLE_EXECUTABLE_FOLDER_PATH)/rick-and-morty";
			};
			name = Release;
		};
		4A48666F2A83F39400E999AA /* Debug */ = {
			isa = XCBuildConfiguration;
			baseConfigurationReference = E660DBDDA6BF55F4086CEF81 /* Pods-rick-and-morty-rick-and-mortyUITests.debug.xcconfig */;
			buildSettings = {
				ALWAYS_EMBED_SWIFT_STANDARD_LIBRARIES = YES;
				CODE_SIGN_STYLE = Automatic;
				CURRENT_PROJECT_VERSION = 1;
				DEVELOPMENT_TEAM = 2V6LX2TZ34;
				GENERATE_INFOPLIST_FILE = YES;
				MARKETING_VERSION = 1.0;
				PRODUCT_BUNDLE_IDENTIFIER = "com.robson.rick-and-mortyUITests";
				PRODUCT_NAME = "$(TARGET_NAME)";
				SWIFT_EMIT_LOC_STRINGS = NO;
				SWIFT_VERSION = 5.0;
				TARGETED_DEVICE_FAMILY = "1,2";
				TEST_TARGET_NAME = "rick-and-morty";
			};
			name = Debug;
		};
		4A4866702A83F39400E999AA /* Release */ = {
			isa = XCBuildConfiguration;
			baseConfigurationReference = 9ADAF1F61F4BB6F1FDAB7F9A /* Pods-rick-and-morty-rick-and-mortyUITests.release.xcconfig */;
			buildSettings = {
				ALWAYS_EMBED_SWIFT_STANDARD_LIBRARIES = YES;
				CODE_SIGN_STYLE = Automatic;
				CURRENT_PROJECT_VERSION = 1;
				DEVELOPMENT_TEAM = 2V6LX2TZ34;
				GENERATE_INFOPLIST_FILE = YES;
				MARKETING_VERSION = 1.0;
				PRODUCT_BUNDLE_IDENTIFIER = "com.robson.rick-and-mortyUITests";
				PRODUCT_NAME = "$(TARGET_NAME)";
				SWIFT_EMIT_LOC_STRINGS = NO;
				SWIFT_VERSION = 5.0;
				TARGETED_DEVICE_FAMILY = "1,2";
				TEST_TARGET_NAME = "rick-and-morty";
			};
			name = Release;
		};
/* End XCBuildConfiguration section */

/* Begin XCConfigurationList section */
		4A4866392A83F39300E999AA /* Build configuration list for PBXProject "rick-and-morty" */ = {
			isa = XCConfigurationList;
			buildConfigurations = (
				4A4866662A83F39400E999AA /* Debug */,
				4A4866672A83F39400E999AA /* Release */,
			);
			defaultConfigurationIsVisible = 0;
			defaultConfigurationName = Release;
		};
		4A4866682A83F39400E999AA /* Build configuration list for PBXNativeTarget "rick-and-morty" */ = {
			isa = XCConfigurationList;
			buildConfigurations = (
				4A4866692A83F39400E999AA /* Debug */,
				4A48666A2A83F39400E999AA /* Release */,
			);
			defaultConfigurationIsVisible = 0;
			defaultConfigurationName = Release;
		};
		4A48666B2A83F39400E999AA /* Build configuration list for PBXNativeTarget "rick-and-mortyTests" */ = {
			isa = XCConfigurationList;
			buildConfigurations = (
				4A48666C2A83F39400E999AA /* Debug */,
				4A48666D2A83F39400E999AA /* Release */,
			);
			defaultConfigurationIsVisible = 0;
			defaultConfigurationName = Release;
		};
		4A48666E2A83F39400E999AA /* Build configuration list for PBXNativeTarget "rick-and-mortyUITests" */ = {
			isa = XCConfigurationList;
			buildConfigurations = (
				4A48666F2A83F39400E999AA /* Debug */,
				4A4866702A83F39400E999AA /* Release */,
			);
			defaultConfigurationIsVisible = 0;
			defaultConfigurationName = Release;
		};
/* End XCConfigurationList section */
	};
	rootObject = 4A4866362A83F39300E999AA /* Project object */;
}
